// !$*UTF8*$!
{
	archiveVersion = 1;
	classes = {
	};
	objectVersion = 55;
	objects = {

/* Begin PBXBuildFile section */
		405FE30E2872D2B000AE1E26 /* TodoListApp.swift in Sources */ = {isa = PBXBuildFile; fileRef = 405FE30D2872D2B000AE1E26 /* TodoListApp.swift */; };
		405FE3102872D2B000AE1E26 /* ContentView.swift in Sources */ = {isa = PBXBuildFile; fileRef = 405FE30F2872D2B000AE1E26 /* ContentView.swift */; };
		405FE3122872D2B400AE1E26 /* Assets.xcassets in Resources */ = {isa = PBXBuildFile; fileRef = 405FE3112872D2B400AE1E26 /* Assets.xcassets */; };
		405FE3152872D2B400AE1E26 /* Preview Assets.xcassets in Resources */ = {isa = PBXBuildFile; fileRef = 405FE3142872D2B400AE1E26 /* Preview Assets.xcassets */; };
		405FE3202872D96B00AE1E26 /* LoginView.swift in Sources */ = {isa = PBXBuildFile; fileRef = 405FE31F2872D96B00AE1E26 /* LoginView.swift */; };
		405FE3242872DCB600AE1E26 /* SignupView.swift in Sources */ = {isa = PBXBuildFile; fileRef = 405FE3232872DCB600AE1E26 /* SignupView.swift */; };
		405FE3272872DDAE00AE1E26 /* BackgroundGradientView.swift in Sources */ = {isa = PBXBuildFile; fileRef = 405FE3262872DDAE00AE1E26 /* BackgroundGradientView.swift */; };
		405FE3292872E47D00AE1E26 /* LogoView.swift in Sources */ = {isa = PBXBuildFile; fileRef = 405FE3282872E47D00AE1E26 /* LogoView.swift */; };
		405FE32B2872E7DA00AE1E26 /* CustomTextField.swift in Sources */ = {isa = PBXBuildFile; fileRef = 405FE32A2872E7DA00AE1E26 /* CustomTextField.swift */; };
		405FE32E2872FA2F00AE1E26 /* EmailTextField.swift in Sources */ = {isa = PBXBuildFile; fileRef = 405FE32D2872FA2F00AE1E26 /* EmailTextField.swift */; };
		405FE3302872FD9900AE1E26 /* CustomSecureField.swift in Sources */ = {isa = PBXBuildFile; fileRef = 405FE32F2872FD9900AE1E26 /* CustomSecureField.swift */; };
		405FE3322873043B00AE1E26 /* PasswordSecureField.swift in Sources */ = {isa = PBXBuildFile; fileRef = 405FE3312873043B00AE1E26 /* PasswordSecureField.swift */; };
		405FE33428730D0800AE1E26 /* AuthenticateButtonView.swift in Sources */ = {isa = PBXBuildFile; fileRef = 405FE33328730D0800AE1E26 /* AuthenticateButtonView.swift */; };
/* End PBXBuildFile section */

/* Begin PBXFileReference section */
		405FE30A2872D2B000AE1E26 /* TodoList.app */ = {isa = PBXFileReference; explicitFileType = wrapper.application; includeInIndex = 0; path = TodoList.app; sourceTree = BUILT_PRODUCTS_DIR; };
		405FE30D2872D2B000AE1E26 /* TodoListApp.swift */ = {isa = PBXFileReference; lastKnownFileType = sourcecode.swift; path = TodoListApp.swift; sourceTree = "<group>"; };
		405FE30F2872D2B000AE1E26 /* ContentView.swift */ = {isa = PBXFileReference; lastKnownFileType = sourcecode.swift; path = ContentView.swift; sourceTree = "<group>"; };
		405FE3112872D2B400AE1E26 /* Assets.xcassets */ = {isa = PBXFileReference; lastKnownFileType = folder.assetcatalog; path = Assets.xcassets; sourceTree = "<group>"; };
		405FE3142872D2B400AE1E26 /* Preview Assets.xcassets */ = {isa = PBXFileReference; lastKnownFileType = folder.assetcatalog; path = "Preview Assets.xcassets"; sourceTree = "<group>"; };
		405FE31F2872D96B00AE1E26 /* LoginView.swift */ = {isa = PBXFileReference; lastKnownFileType = sourcecode.swift; path = LoginView.swift; sourceTree = "<group>"; };
		405FE3232872DCB600AE1E26 /* SignupView.swift */ = {isa = PBXFileReference; lastKnownFileType = sourcecode.swift; path = SignupView.swift; sourceTree = "<group>"; };
		405FE3262872DDAE00AE1E26 /* BackgroundGradientView.swift */ = {isa = PBXFileReference; lastKnownFileType = sourcecode.swift; path = BackgroundGradientView.swift; sourceTree = "<group>"; };
		405FE3282872E47D00AE1E26 /* LogoView.swift */ = {isa = PBXFileReference; lastKnownFileType = sourcecode.swift; path = LogoView.swift; sourceTree = "<group>"; };
		405FE32A2872E7DA00AE1E26 /* CustomTextField.swift */ = {isa = PBXFileReference; lastKnownFileType = sourcecode.swift; path = CustomTextField.swift; sourceTree = "<group>"; };
		405FE32D2872FA2F00AE1E26 /* EmailTextField.swift */ = {isa = PBXFileReference; lastKnownFileType = sourcecode.swift; path = EmailTextField.swift; sourceTree = "<group>"; };
		405FE32F2872FD9900AE1E26 /* CustomSecureField.swift */ = {isa = PBXFileReference; lastKnownFileType = sourcecode.swift; path = CustomSecureField.swift; sourceTree = "<group>"; };
		405FE3312873043B00AE1E26 /* PasswordSecureField.swift */ = {isa = PBXFileReference; lastKnownFileType = sourcecode.swift; path = PasswordSecureField.swift; sourceTree = "<group>"; };
		405FE33328730D0800AE1E26 /* AuthenticateButtonView.swift */ = {isa = PBXFileReference; lastKnownFileType = sourcecode.swift; path = AuthenticateButtonView.swift; sourceTree = "<group>"; };
/* End PBXFileReference section */

/* Begin PBXFrameworksBuildPhase section */
		405FE3072872D2AF00AE1E26 /* Frameworks */ = {
			isa = PBXFrameworksBuildPhase;
			buildActionMask = 2147483647;
			files = (
			);
			runOnlyForDeploymentPostprocessing = 0;
		};
/* End PBXFrameworksBuildPhase section */

/* Begin PBXGroup section */
		405FE3012872D2AF00AE1E26 = {
			isa = PBXGroup;
			children = (
				405FE30C2872D2B000AE1E26 /* TodoList */,
				405FE30B2872D2B000AE1E26 /* Products */,
			);
			sourceTree = "<group>";
		};
		405FE30B2872D2B000AE1E26 /* Products */ = {
			isa = PBXGroup;
			children = (
				405FE30A2872D2B000AE1E26 /* TodoList.app */,
			);
			name = Products;
			sourceTree = "<group>";
		};
		405FE30C2872D2B000AE1E26 /* TodoList */ = {
			isa = PBXGroup;
			children = (
				405FE31B2872D85900AE1E26 /* Model */,
				405FE31D2872D86F00AE1E26 /* View */,
				405FE30D2872D2B000AE1E26 /* TodoListApp.swift */,
				405FE30F2872D2B000AE1E26 /* ContentView.swift */,
				405FE3112872D2B400AE1E26 /* Assets.xcassets */,
				405FE3132872D2B400AE1E26 /* Preview Content */,
			);
			path = TodoList;
			sourceTree = "<group>";
		};
		405FE3132872D2B400AE1E26 /* Preview Content */ = {
			isa = PBXGroup;
			children = (
				405FE3142872D2B400AE1E26 /* Preview Assets.xcassets */,
			);
			path = "Preview Content";
			sourceTree = "<group>";
		};
		405FE31B2872D85900AE1E26 /* Model */ = {
			isa = PBXGroup;
			children = (
			);
			path = Model;
			sourceTree = "<group>";
		};
		405FE31D2872D86F00AE1E26 /* View */ = {
			isa = PBXGroup;
			children = (
				405FE3212872DC5100AE1E26 /* Utils */,
				405FE3222872DC6500AE1E26 /* Authentication */,
				405FE31E2872D87800AE1E26 /* ViewModel */,
			);
			path = View;
			sourceTree = "<group>";
		};
		405FE31E2872D87800AE1E26 /* ViewModel */ = {
			isa = PBXGroup;
			children = (
			);
			path = ViewModel;
			sourceTree = "<group>";
		};
		405FE3212872DC5100AE1E26 /* Utils */ = {
			isa = PBXGroup;
			children = (
				405FE32C2872FA1300AE1E26 /* TextFields */,
				405FE3262872DDAE00AE1E26 /* BackgroundGradientView.swift */,
				405FE3282872E47D00AE1E26 /* LogoView.swift */,
				405FE33328730D0800AE1E26 /* AuthenticateButtonView.swift */,
			);
			path = Utils;
			sourceTree = "<group>";
		};
		405FE3222872DC6500AE1E26 /* Authentication */ = {
			isa = PBXGroup;
			children = (
				405FE31F2872D96B00AE1E26 /* LoginView.swift */,
				405FE3232872DCB600AE1E26 /* SignupView.swift */,
			);
			path = Authentication;
			sourceTree = "<group>";
		};
		405FE32C2872FA1300AE1E26 /* TextFields */ = {
			isa = PBXGroup;
			children = (
				405FE32A2872E7DA00AE1E26 /* CustomTextField.swift */,
				405FE32D2872FA2F00AE1E26 /* EmailTextField.swift */,
				405FE32F2872FD9900AE1E26 /* CustomSecureField.swift */,
				405FE3312873043B00AE1E26 /* PasswordSecureField.swift */,
			);
			path = TextFields;
			sourceTree = "<group>";
		};
/* End PBXGroup section */

/* Begin PBXNativeTarget section */
		405FE3092872D2AF00AE1E26 /* TodoList */ = {
			isa = PBXNativeTarget;
			buildConfigurationList = 405FE3182872D2B400AE1E26 /* Build configuration list for PBXNativeTarget "TodoList" */;
			buildPhases = (
				405FE3062872D2AF00AE1E26 /* Sources */,
				405FE3072872D2AF00AE1E26 /* Frameworks */,
				405FE3082872D2AF00AE1E26 /* Resources */,
			);
			buildRules = (
			);
			dependencies = (
			);
			name = TodoList;
			productName = TodoList;
			productReference = 405FE30A2872D2B000AE1E26 /* TodoList.app */;
			productType = "com.apple.product-type.application";
		};
/* End PBXNativeTarget section */

/* Begin PBXProject section */
		405FE3022872D2AF00AE1E26 /* Project object */ = {
			isa = PBXProject;
			attributes = {
				BuildIndependentTargetsInParallel = 1;
				LastSwiftUpdateCheck = 1340;
				LastUpgradeCheck = 1340;
				TargetAttributes = {
					405FE3092872D2AF00AE1E26 = {
						CreatedOnToolsVersion = 13.4.1;
					};
				};
			};
			buildConfigurationList = 405FE3052872D2AF00AE1E26 /* Build configuration list for PBXProject "TodoList" */;
			compatibilityVersion = "Xcode 13.0";
			developmentRegion = en;
			hasScannedForEncodings = 0;
			knownRegions = (
				en,
				Base,
			);
			mainGroup = 405FE3012872D2AF00AE1E26;
			productRefGroup = 405FE30B2872D2B000AE1E26 /* Products */;
			projectDirPath = "";
			projectRoot = "";
			targets = (
				405FE3092872D2AF00AE1E26 /* TodoList */,
			);
		};
/* End PBXProject section */

/* Begin PBXResourcesBuildPhase section */
		405FE3082872D2AF00AE1E26 /* Resources */ = {
			isa = PBXResourcesBuildPhase;
			buildActionMask = 2147483647;
			files = (
				405FE3152872D2B400AE1E26 /* Preview Assets.xcassets in Resources */,
				405FE3122872D2B400AE1E26 /* Assets.xcassets in Resources */,
			);
			runOnlyForDeploymentPostprocessing = 0;
		};
/* End PBXResourcesBuildPhase section */

/* Begin PBXSourcesBuildPhase section */
		405FE3062872D2AF00AE1E26 /* Sources */ = {
			isa = PBXSourcesBuildPhase;
			buildActionMask = 2147483647;
			files = (
				405FE32B2872E7DA00AE1E26 /* CustomTextField.swift in Sources */,
				405FE3302872FD9900AE1E26 /* CustomSecureField.swift in Sources */,
				405FE3272872DDAE00AE1E26 /* BackgroundGradientView.swift in Sources */,
				405FE3292872E47D00AE1E26 /* LogoView.swift in Sources */,
				405FE3322873043B00AE1E26 /* PasswordSecureField.swift in Sources */,
				405FE3242872DCB600AE1E26 /* SignupView.swift in Sources */,
				405FE33428730D0800AE1E26 /* AuthenticateButtonView.swift in Sources */,
				405FE3202872D96B00AE1E26 /* LoginView.swift in Sources */,
				405FE3102872D2B000AE1E26 /* ContentView.swift in Sources */,
				405FE30E2872D2B000AE1E26 /* TodoListApp.swift in Sources */,
				405FE32E2872FA2F00AE1E26 /* EmailTextField.swift in Sources */,
			);
			runOnlyForDeploymentPostprocessing = 0;
		};
/* End PBXSourcesBuildPhase section */

/* Begin XCBuildConfiguration section */
		405FE3162872D2B400AE1E26 /* Debug */ = {
			isa = XCBuildConfiguration;
			buildSettings = {
				ALWAYS_SEARCH_USER_PATHS = NO;
				CLANG_ANALYZER_NONNULL = YES;
				CLANG_ANALYZER_NUMBER_OBJECT_CONVERSION = YES_AGGRESSIVE;
				CLANG_CXX_LANGUAGE_STANDARD = "gnu++17";
				CLANG_ENABLE_MODULES = YES;
				CLANG_ENABLE_OBJC_ARC = YES;
				CLANG_ENABLE_OBJC_WEAK = YES;
				CLANG_WARN_BLOCK_CAPTURE_AUTORELEASING = YES;
				CLANG_WARN_BOOL_CONVERSION = YES;
				CLANG_WARN_COMMA = YES;
				CLANG_WARN_CONSTANT_CONVERSION = YES;
				CLANG_WARN_DEPRECATED_OBJC_IMPLEMENTATIONS = YES;
				CLANG_WARN_DIRECT_OBJC_ISA_USAGE = YES_ERROR;
				CLANG_WARN_DOCUMENTATION_COMMENTS = YES;
				CLANG_WARN_EMPTY_BODY = YES;
				CLANG_WARN_ENUM_CONVERSION = YES;
				CLANG_WARN_INFINITE_RECURSION = YES;
				CLANG_WARN_INT_CONVERSION = YES;
				CLANG_WARN_NON_LITERAL_NULL_CONVERSION = YES;
				CLANG_WARN_OBJC_IMPLICIT_RETAIN_SELF = YES;
				CLANG_WARN_OBJC_LITERAL_CONVERSION = YES;
				CLANG_WARN_OBJC_ROOT_CLASS = YES_ERROR;
				CLANG_WARN_QUOTED_INCLUDE_IN_FRAMEWORK_HEADER = YES;
				CLANG_WARN_RANGE_LOOP_ANALYSIS = YES;
				CLANG_WARN_STRICT_PROTOTYPES = YES;
				CLANG_WARN_SUSPICIOUS_MOVE = YES;
				CLANG_WARN_UNGUARDED_AVAILABILITY = YES_AGGRESSIVE;
				CLANG_WARN_UNREACHABLE_CODE = YES;
				CLANG_WARN__DUPLICATE_METHOD_MATCH = YES;
				COPY_PHASE_STRIP = NO;
				DEBUG_INFORMATION_FORMAT = dwarf;
				ENABLE_STRICT_OBJC_MSGSEND = YES;
				ENABLE_TESTABILITY = YES;
				GCC_C_LANGUAGE_STANDARD = gnu11;
				GCC_DYNAMIC_NO_PIC = NO;
				GCC_NO_COMMON_BLOCKS = YES;
				GCC_OPTIMIZATION_LEVEL = 0;
				GCC_PREPROCESSOR_DEFINITIONS = (
					"DEBUG=1",
					"$(inherited)",
				);
				GCC_WARN_64_TO_32_BIT_CONVERSION = YES;
				GCC_WARN_ABOUT_RETURN_TYPE = YES_ERROR;
				GCC_WARN_UNDECLARED_SELECTOR = YES;
				GCC_WARN_UNINITIALIZED_AUTOS = YES_AGGRESSIVE;
				GCC_WARN_UNUSED_FUNCTION = YES;
				GCC_WARN_UNUSED_VARIABLE = YES;
				IPHONEOS_DEPLOYMENT_TARGET = 15.5;
				MTL_ENABLE_DEBUG_INFO = INCLUDE_SOURCE;
				MTL_FAST_MATH = YES;
				ONLY_ACTIVE_ARCH = YES;
				SDKROOT = iphoneos;
				SWIFT_ACTIVE_COMPILATION_CONDITIONS = DEBUG;
				SWIFT_OPTIMIZATION_LEVEL = "-Onone";
			};
			name = Debug;
		};
		405FE3172872D2B400AE1E26 /* Release */ = {
			isa = XCBuildConfiguration;
			buildSettings = {
				ALWAYS_SEARCH_USER_PATHS = NO;
				CLANG_ANALYZER_NONNULL = YES;
				CLANG_ANALYZER_NUMBER_OBJECT_CONVERSION = YES_AGGRESSIVE;
				CLANG_CXX_LANGUAGE_STANDARD = "gnu++17";
				CLANG_ENABLE_MODULES = YES;
				CLANG_ENABLE_OBJC_ARC = YES;
				CLANG_ENABLE_OBJC_WEAK = YES;
				CLANG_WARN_BLOCK_CAPTURE_AUTORELEASING = YES;
				CLANG_WARN_BOOL_CONVERSION = YES;
				CLANG_WARN_COMMA = YES;
				CLANG_WARN_CONSTANT_CONVERSION = YES;
				CLANG_WARN_DEPRECATED_OBJC_IMPLEMENTATIONS = YES;
				CLANG_WARN_DIRECT_OBJC_ISA_USAGE = YES_ERROR;
				CLANG_WARN_DOCUMENTATION_COMMENTS = YES;
				CLANG_WARN_EMPTY_BODY = YES;
				CLANG_WARN_ENUM_CONVERSION = YES;
				CLANG_WARN_INFINITE_RECURSION = YES;
				CLANG_WARN_INT_CONVERSION = YES;
				CLANG_WARN_NON_LITERAL_NULL_CONVERSION = YES;
				CLANG_WARN_OBJC_IMPLICIT_RETAIN_SELF = YES;
				CLANG_WARN_OBJC_LITERAL_CONVERSION = YES;
				CLANG_WARN_OBJC_ROOT_CLASS = YES_ERROR;
				CLANG_WARN_QUOTED_INCLUDE_IN_FRAMEWORK_HEADER = YES;
				CLANG_WARN_RANGE_LOOP_ANALYSIS = YES;
				CLANG_WARN_STRICT_PROTOTYPES = YES;
				CLANG_WARN_SUSPICIOUS_MOVE = YES;
				CLANG_WARN_UNGUARDED_AVAILABILITY = YES_AGGRESSIVE;
				CLANG_WARN_UNREACHABLE_CODE = YES;
				CLANG_WARN__DUPLICATE_METHOD_MATCH = YES;
				COPY_PHASE_STRIP = NO;
				DEBUG_INFORMATION_FORMAT = "dwarf-with-dsym";
				ENABLE_NS_ASSERTIONS = NO;
				ENABLE_STRICT_OBJC_MSGSEND = YES;
				GCC_C_LANGUAGE_STANDARD = gnu11;
				GCC_NO_COMMON_BLOCKS = YES;
				GCC_WARN_64_TO_32_BIT_CONVERSION = YES;
				GCC_WARN_ABOUT_RETURN_TYPE = YES_ERROR;
				GCC_WARN_UNDECLARED_SELECTOR = YES;
				GCC_WARN_UNINITIALIZED_AUTOS = YES_AGGRESSIVE;
				GCC_WARN_UNUSED_FUNCTION = YES;
				GCC_WARN_UNUSED_VARIABLE = YES;
				IPHONEOS_DEPLOYMENT_TARGET = 15.5;
				MTL_ENABLE_DEBUG_INFO = NO;
				MTL_FAST_MATH = YES;
				SDKROOT = iphoneos;
				SWIFT_COMPILATION_MODE = wholemodule;
				SWIFT_OPTIMIZATION_LEVEL = "-O";
				VALIDATE_PRODUCT = YES;
			};
			name = Release;
		};
		405FE3192872D2B400AE1E26 /* Debug */ = {
			isa = XCBuildConfiguration;
			buildSettings = {
				ASSETCATALOG_COMPILER_APPICON_NAME = AppIcon;
				ASSETCATALOG_COMPILER_GLOBAL_ACCENT_COLOR_NAME = AccentColor;
				CODE_SIGN_STYLE = Automatic;
				CURRENT_PROJECT_VERSION = 1;
				DEVELOPMENT_ASSET_PATHS = "\"TodoList/Preview Content\"";
				ENABLE_PREVIEWS = YES;
				GENERATE_INFOPLIST_FILE = YES;
				INFOPLIST_KEY_UIApplicationSceneManifest_Generation = YES;
				INFOPLIST_KEY_UIApplicationSupportsIndirectInputEvents = YES;
				INFOPLIST_KEY_UILaunchScreen_Generation = YES;
				INFOPLIST_KEY_UISupportedInterfaceOrientations = UIInterfaceOrientationPortrait;
				INFOPLIST_KEY_UISupportedInterfaceOrientations_iPad = "UIInterfaceOrientationPortrait UIInterfaceOrientationPortraitUpsideDown UIInterfaceOrientationLandscapeLeft UIInterfaceOrientationLandscapeRight";
				INFOPLIST_KEY_UISupportedInterfaceOrientations_iPhone = "UIInterfaceOrientationPortrait UIInterfaceOrientationLandscapeLeft UIInterfaceOrientationLandscapeRight";
				LD_RUNPATH_SEARCH_PATHS = (
					"$(inherited)",
					"@executable_path/Frameworks",
				);
				MARKETING_VERSION = 1.0;
				PRODUCT_BUNDLE_IDENTIFIER = Hjortshoj.TodoList;
				PRODUCT_NAME = "$(TARGET_NAME)";
				SWIFT_EMIT_LOC_STRINGS = YES;
				SWIFT_VERSION = 5.0;
				TARGETED_DEVICE_FAMILY = 1;
			};
			name = Debug;
		};
		405FE31A2872D2B400AE1E26 /* Release */ = {
			isa = XCBuildConfiguration;
			buildSettings = {
				ASSETCATALOG_COMPILER_APPICON_NAME = AppIcon;
				ASSETCATALOG_COMPILER_GLOBAL_ACCENT_COLOR_NAME = AccentColor;
				CODE_SIGN_STYLE = Automatic;
				CURRENT_PROJECT_VERSION = 1;
				DEVELOPMENT_ASSET_PATHS = "\"TodoList/Preview Content\"";
				ENABLE_PREVIEWS = YES;
				GENERATE_INFOPLIST_FILE = YES;
				INFOPLIST_KEY_UIApplicationSceneManifest_Generation = YES;
				INFOPLIST_KEY_UIApplicationSupportsIndirectInputEvents = YES;
				INFOPLIST_KEY_UILaunchScreen_Generation = YES;
				INFOPLIST_KEY_UISupportedInterfaceOrientations = UIInterfaceOrientationPortrait;
				INFOPLIST_KEY_UISupportedInterfaceOrientations_iPad = "UIInterfaceOrientationPortrait UIInterfaceOrientationPortraitUpsideDown UIInterfaceOrientationLandscapeLeft UIInterfaceOrientationLandscapeRight";
				INFOPLIST_KEY_UISupportedInterfaceOrientations_iPhone = "UIInterfaceOrientationPortrait UIInterfaceOrientationLandscapeLeft UIInterfaceOrientationLandscapeRight";
				LD_RUNPATH_SEARCH_PATHS = (
					"$(inherited)",
					"@executable_path/Frameworks",
				);
				MARKETING_VERSION = 1.0;
				PRODUCT_BUNDLE_IDENTIFIER = Hjortshoj.TodoList;
				PRODUCT_NAME = "$(TARGET_NAME)";
				SWIFT_EMIT_LOC_STRINGS = YES;
				SWIFT_VERSION = 5.0;
				TARGETED_DEVICE_FAMILY = 1;
			};
			name = Release;
		};
/* End XCBuildConfiguration section */

/* Begin XCConfigurationList section */
		405FE3052872D2AF00AE1E26 /* Build configuration list for PBXProject "TodoList" */ = {
			isa = XCConfigurationList;
			buildConfigurations = (
				405FE3162872D2B400AE1E26 /* Debug */,
				405FE3172872D2B400AE1E26 /* Release */,
			);
			defaultConfigurationIsVisible = 0;
			defaultConfigurationName = Release;
		};
		405FE3182872D2B400AE1E26 /* Build configuration list for PBXNativeTarget "TodoList" */ = {
			isa = XCConfigurationList;
			buildConfigurations = (
				405FE3192872D2B400AE1E26 /* Debug */,
				405FE31A2872D2B400AE1E26 /* Release */,
			);
			defaultConfigurationIsVisible = 0;
			defaultConfigurationName = Release;
		};
/* End XCConfigurationList section */
	};
	rootObject = 405FE3022872D2AF00AE1E26 /* Project object */;
}
