// !$*UTF8*$!
{
	archiveVersion = 1;
	classes = {
	};
	objectVersion = 55;
	objects = {

/* Begin PBXBuildFile section */
		405FE30E2872D2B000AE1E26 /* TodoListApp.swift in Sources */ = {isa = PBXBuildFile; fileRef = 405FE30D2872D2B000AE1E26 /* TodoListApp.swift */; };
		405FE3102872D2B000AE1E26 /* ContentView.swift in Sources */ = {isa = PBXBuildFile; fileRef = 405FE30F2872D2B000AE1E26 /* ContentView.swift */; };
		405FE3122872D2B400AE1E26 /* Assets.xcassets in Resources */ = {isa = PBXBuildFile; fileRef = 405FE3112872D2B400AE1E26 /* Assets.xcassets */; };
		405FE3152872D2B400AE1E26 /* Preview Assets.xcassets in Resources */ = {isa = PBXBuildFile; fileRef = 405FE3142872D2B400AE1E26 /* Preview Assets.xcassets */; };
		405FE3202872D96B00AE1E26 /* LoginView.swift in Sources */ = {isa = PBXBuildFile; fileRef = 405FE31F2872D96B00AE1E26 /* LoginView.swift */; };
		405FE3242872DCB600AE1E26 /* SignupView.swift in Sources */ = {isa = PBXBuildFile; fileRef = 405FE3232872DCB600AE1E26 /* SignupView.swift */; };
		405FE3272872DDAE00AE1E26 /* BackgroundGradientView.swift in Sources */ = {isa = PBXBuildFile; fileRef = 405FE3262872DDAE00AE1E26 /* BackgroundGradientView.swift */; };
		405FE3292872E47D00AE1E26 /* LogoView.swift in Sources */ = {isa = PBXBuildFile; fileRef = 405FE3282872E47D00AE1E26 /* LogoView.swift */; };
		405FE32B2872E7DA00AE1E26 /* CustomTextField.swift in Sources */ = {isa = PBXBuildFile; fileRef = 405FE32A2872E7DA00AE1E26 /* CustomTextField.swift */; };
		405FE32E2872FA2F00AE1E26 /* EmailTextField.swift in Sources */ = {isa = PBXBuildFile; fileRef = 405FE32D2872FA2F00AE1E26 /* EmailTextField.swift */; };
		405FE3302872FD9900AE1E26 /* CustomSecureField.swift in Sources */ = {isa = PBXBuildFile; fileRef = 405FE32F2872FD9900AE1E26 /* CustomSecureField.swift */; };
		405FE3322873043B00AE1E26 /* PasswordSecureField.swift in Sources */ = {isa = PBXBuildFile; fileRef = 405FE3312873043B00AE1E26 /* PasswordSecureField.swift */; };
		405FE33428730D0800AE1E26 /* AuthenticateButtonView.swift in Sources */ = {isa = PBXBuildFile; fileRef = 405FE33328730D0800AE1E26 /* AuthenticateButtonView.swift */; };
		405FE33628741CCB00AE1E26 /* UserTextField.swift in Sources */ = {isa = PBXBuildFile; fileRef = 405FE33528741CCB00AE1E26 /* UserTextField.swift */; };
		405FE3382874286700AE1E26 /* GoogleService-Info.plist in Resources */ = {isa = PBXBuildFile; fileRef = 405FE3372874286700AE1E26 /* GoogleService-Info.plist */; };
		405FE33C28742ACE00AE1E26 /* FirebaseAnalytics in Frameworks */ = {isa = PBXBuildFile; productRef = 405FE33B28742ACE00AE1E26 /* FirebaseAnalytics */; };
		405FE33E28742ACE00AE1E26 /* FirebaseAnalyticsOnDeviceConversion in Frameworks */ = {isa = PBXBuildFile; productRef = 405FE33D28742ACE00AE1E26 /* FirebaseAnalyticsOnDeviceConversion */; };
		405FE34028742ACE00AE1E26 /* FirebaseAuth in Frameworks */ = {isa = PBXBuildFile; productRef = 405FE33F28742ACE00AE1E26 /* FirebaseAuth */; };
		405FE34228742ACE00AE1E26 /* FirebaseCrashlytics in Frameworks */ = {isa = PBXBuildFile; productRef = 405FE34128742ACE00AE1E26 /* FirebaseCrashlytics */; };
		405FE34428742ACE00AE1E26 /* FirebaseDatabase in Frameworks */ = {isa = PBXBuildFile; productRef = 405FE34328742ACE00AE1E26 /* FirebaseDatabase */; };
		405FE34628742ACE00AE1E26 /* FirebaseFirestore in Frameworks */ = {isa = PBXBuildFile; productRef = 405FE34528742ACE00AE1E26 /* FirebaseFirestore */; };
		405FE34828742ACE00AE1E26 /* FirebaseFunctions in Frameworks */ = {isa = PBXBuildFile; productRef = 405FE34728742ACE00AE1E26 /* FirebaseFunctions */; };
		405FE34A28742ACE00AE1E26 /* FirebaseStorage in Frameworks */ = {isa = PBXBuildFile; productRef = 405FE34928742ACE00AE1E26 /* FirebaseStorage */; };
		405FE34D2874303300AE1E26 /* Constants.swift in Sources */ = {isa = PBXBuildFile; fileRef = 405FE34C2874303300AE1E26 /* Constants.swift */; };
		405FE34F287431C900AE1E26 /* AppUser.swift in Sources */ = {isa = PBXBuildFile; fileRef = 405FE34E287431C900AE1E26 /* AppUser.swift */; };
		405FE351287433FF00AE1E26 /* TODO.swift in Sources */ = {isa = PBXBuildFile; fileRef = 405FE350287433FF00AE1E26 /* TODO.swift */; };
		405FE3532874356600AE1E26 /* SelectedButton.swift in Sources */ = {isa = PBXBuildFile; fileRef = 405FE3522874356600AE1E26 /* SelectedButton.swift */; };
		405FE3562874377000AE1E26 /* FirebaseFirestoreSwift in Frameworks */ = {isa = PBXBuildFile; productRef = 405FE3552874377000AE1E26 /* FirebaseFirestoreSwift */; };
		405FE358287437D300AE1E26 /* MockData.swift in Sources */ = {isa = PBXBuildFile; fileRef = 405FE357287437D300AE1E26 /* MockData.swift */; };
		405FE35A2874485800AE1E26 /* AuthViewModel.swift in Sources */ = {isa = PBXBuildFile; fileRef = 405FE3592874485800AE1E26 /* AuthViewModel.swift */; };
		405FE35C287457CD00AE1E26 /* DashboardView.swift in Sources */ = {isa = PBXBuildFile; fileRef = 405FE35B287457CD00AE1E26 /* DashboardView.swift */; };
		405FE35E2875773E00AE1E26 /* TODOViewModel.swift in Sources */ = {isa = PBXBuildFile; fileRef = 405FE35D2875773E00AE1E26 /* TODOViewModel.swift */; };
		405FE360287596A800AE1E26 /* SearchBarView.swift in Sources */ = {isa = PBXBuildFile; fileRef = 405FE35F287596A800AE1E26 /* SearchBarView.swift */; };
		405FE3622875A5F400AE1E26 /* TODOButtonStack.swift in Sources */ = {isa = PBXBuildFile; fileRef = 405FE3612875A5F400AE1E26 /* TODOButtonStack.swift */; };
		405FE3642875AFEF00AE1E26 /* AddTODOLogo.swift in Sources */ = {isa = PBXBuildFile; fileRef = 405FE3632875AFEF00AE1E26 /* AddTODOLogo.swift */; };
		405FE3662875B3F500AE1E26 /* TODOView.swift in Sources */ = {isa = PBXBuildFile; fileRef = 405FE3652875B3F500AE1E26 /* TODOView.swift */; };
		4075760E2876C9340007DAAF /* BlackView.swift in Sources */ = {isa = PBXBuildFile; fileRef = 4075760D2876C9340007DAAF /* BlackView.swift */; };
		407576102876CA600007DAAF /* CreateTODOView.swift in Sources */ = {isa = PBXBuildFile; fileRef = 4075760F2876CA600007DAAF /* CreateTODOView.swift */; };
		407576122876CCAB0007DAAF /* TODOTextField.swift in Sources */ = {isa = PBXBuildFile; fileRef = 407576112876CCAB0007DAAF /* TODOTextField.swift */; };
		407576142876D2140007DAAF /* CustomTextEditor.swift in Sources */ = {isa = PBXBuildFile; fileRef = 407576132876D2140007DAAF /* CustomTextEditor.swift */; };
/* End PBXBuildFile section */

/* Begin PBXFileReference section */
		405FE30A2872D2B000AE1E26 /* TodoList.app */ = {isa = PBXFileReference; explicitFileType = wrapper.application; includeInIndex = 0; path = TodoList.app; sourceTree = BUILT_PRODUCTS_DIR; };
		405FE30D2872D2B000AE1E26 /* TodoListApp.swift */ = {isa = PBXFileReference; lastKnownFileType = sourcecode.swift; path = TodoListApp.swift; sourceTree = "<group>"; };
		405FE30F2872D2B000AE1E26 /* ContentView.swift */ = {isa = PBXFileReference; lastKnownFileType = sourcecode.swift; path = ContentView.swift; sourceTree = "<group>"; };
		405FE3112872D2B400AE1E26 /* Assets.xcassets */ = {isa = PBXFileReference; lastKnownFileType = folder.assetcatalog; path = Assets.xcassets; sourceTree = "<group>"; };
		405FE3142872D2B400AE1E26 /* Preview Assets.xcassets */ = {isa = PBXFileReference; lastKnownFileType = folder.assetcatalog; path = "Preview Assets.xcassets"; sourceTree = "<group>"; };
		405FE31F2872D96B00AE1E26 /* LoginView.swift */ = {isa = PBXFileReference; lastKnownFileType = sourcecode.swift; path = LoginView.swift; sourceTree = "<group>"; };
		405FE3232872DCB600AE1E26 /* SignupView.swift */ = {isa = PBXFileReference; lastKnownFileType = sourcecode.swift; path = SignupView.swift; sourceTree = "<group>"; };
		405FE3262872DDAE00AE1E26 /* BackgroundGradientView.swift */ = {isa = PBXFileReference; lastKnownFileType = sourcecode.swift; path = BackgroundGradientView.swift; sourceTree = "<group>"; };
		405FE3282872E47D00AE1E26 /* LogoView.swift */ = {isa = PBXFileReference; lastKnownFileType = sourcecode.swift; path = LogoView.swift; sourceTree = "<group>"; };
		405FE32A2872E7DA00AE1E26 /* CustomTextField.swift */ = {isa = PBXFileReference; lastKnownFileType = sourcecode.swift; path = CustomTextField.swift; sourceTree = "<group>"; };
		405FE32D2872FA2F00AE1E26 /* EmailTextField.swift */ = {isa = PBXFileReference; lastKnownFileType = sourcecode.swift; path = EmailTextField.swift; sourceTree = "<group>"; };
		405FE32F2872FD9900AE1E26 /* CustomSecureField.swift */ = {isa = PBXFileReference; lastKnownFileType = sourcecode.swift; path = CustomSecureField.swift; sourceTree = "<group>"; };
		405FE3312873043B00AE1E26 /* PasswordSecureField.swift */ = {isa = PBXFileReference; lastKnownFileType = sourcecode.swift; path = PasswordSecureField.swift; sourceTree = "<group>"; };
		405FE33328730D0800AE1E26 /* AuthenticateButtonView.swift */ = {isa = PBXFileReference; lastKnownFileType = sourcecode.swift; path = AuthenticateButtonView.swift; sourceTree = "<group>"; };
		405FE33528741CCB00AE1E26 /* UserTextField.swift */ = {isa = PBXFileReference; lastKnownFileType = sourcecode.swift; path = UserTextField.swift; sourceTree = "<group>"; };
		405FE3372874286700AE1E26 /* GoogleService-Info.plist */ = {isa = PBXFileReference; fileEncoding = 4; lastKnownFileType = text.plist.xml; path = "GoogleService-Info.plist"; sourceTree = "<group>"; };
		405FE34C2874303300AE1E26 /* Constants.swift */ = {isa = PBXFileReference; lastKnownFileType = sourcecode.swift; path = Constants.swift; sourceTree = "<group>"; };
		405FE34E287431C900AE1E26 /* AppUser.swift */ = {isa = PBXFileReference; lastKnownFileType = sourcecode.swift; path = AppUser.swift; sourceTree = "<group>"; };
		405FE350287433FF00AE1E26 /* TODO.swift */ = {isa = PBXFileReference; lastKnownFileType = sourcecode.swift; path = TODO.swift; sourceTree = "<group>"; };
		405FE3522874356600AE1E26 /* SelectedButton.swift */ = {isa = PBXFileReference; lastKnownFileType = sourcecode.swift; path = SelectedButton.swift; sourceTree = "<group>"; };
		405FE357287437D300AE1E26 /* MockData.swift */ = {isa = PBXFileReference; lastKnownFileType = sourcecode.swift; path = MockData.swift; sourceTree = "<group>"; };
		405FE3592874485800AE1E26 /* AuthViewModel.swift */ = {isa = PBXFileReference; lastKnownFileType = sourcecode.swift; path = AuthViewModel.swift; sourceTree = "<group>"; };
		405FE35B287457CD00AE1E26 /* DashboardView.swift */ = {isa = PBXFileReference; lastKnownFileType = sourcecode.swift; path = DashboardView.swift; sourceTree = "<group>"; };
		405FE35D2875773E00AE1E26 /* TODOViewModel.swift */ = {isa = PBXFileReference; lastKnownFileType = sourcecode.swift; path = TODOViewModel.swift; sourceTree = "<group>"; };
		405FE35F287596A800AE1E26 /* SearchBarView.swift */ = {isa = PBXFileReference; lastKnownFileType = sourcecode.swift; path = SearchBarView.swift; sourceTree = "<group>"; };
		405FE3612875A5F400AE1E26 /* TODOButtonStack.swift */ = {isa = PBXFileReference; lastKnownFileType = sourcecode.swift; path = TODOButtonStack.swift; sourceTree = "<group>"; };
		405FE3632875AFEF00AE1E26 /* AddTODOLogo.swift */ = {isa = PBXFileReference; lastKnownFileType = sourcecode.swift; path = AddTODOLogo.swift; sourceTree = "<group>"; };
		405FE3652875B3F500AE1E26 /* TODOView.swift */ = {isa = PBXFileReference; lastKnownFileType = sourcecode.swift; path = TODOView.swift; sourceTree = "<group>"; };
		4075760D2876C9340007DAAF /* BlackView.swift */ = {isa = PBXFileReference; lastKnownFileType = sourcecode.swift; path = BlackView.swift; sourceTree = "<group>"; };
		4075760F2876CA600007DAAF /* CreateTODOView.swift */ = {isa = PBXFileReference; lastKnownFileType = sourcecode.swift; path = CreateTODOView.swift; sourceTree = "<group>"; };
		407576112876CCAB0007DAAF /* TODOTextField.swift */ = {isa = PBXFileReference; lastKnownFileType = sourcecode.swift; path = TODOTextField.swift; sourceTree = "<group>"; };
		407576132876D2140007DAAF /* CustomTextEditor.swift */ = {isa = PBXFileReference; lastKnownFileType = sourcecode.swift; path = CustomTextEditor.swift; sourceTree = "<group>"; };
/* End PBXFileReference section */

/* Begin PBXFrameworksBuildPhase section */
		405FE3072872D2AF00AE1E26 /* Frameworks */ = {
			isa = PBXFrameworksBuildPhase;
			buildActionMask = 2147483647;
			files = (
				405FE34428742ACE00AE1E26 /* FirebaseDatabase in Frameworks */,
				405FE34828742ACE00AE1E26 /* FirebaseFunctions in Frameworks */,
				405FE33C28742ACE00AE1E26 /* FirebaseAnalytics in Frameworks */,
				405FE34228742ACE00AE1E26 /* FirebaseCrashlytics in Frameworks */,
				405FE34028742ACE00AE1E26 /* FirebaseAuth in Frameworks */,
				405FE34A28742ACE00AE1E26 /* FirebaseStorage in Frameworks */,
				405FE33E28742ACE00AE1E26 /* FirebaseAnalyticsOnDeviceConversion in Frameworks */,
				405FE34628742ACE00AE1E26 /* FirebaseFirestore in Frameworks */,
				405FE3562874377000AE1E26 /* FirebaseFirestoreSwift in Frameworks */,
			);
			runOnlyForDeploymentPostprocessing = 0;
		};
/* End PBXFrameworksBuildPhase section */

/* Begin PBXGroup section */
		405FE3012872D2AF00AE1E26 = {
			isa = PBXGroup;
			children = (
				405FE3372874286700AE1E26 /* GoogleService-Info.plist */,
				405FE30C2872D2B000AE1E26 /* TodoList */,
				405FE30B2872D2B000AE1E26 /* Products */,
				405FE3542874377000AE1E26 /* Frameworks */,
			);
			sourceTree = "<group>";
		};
		405FE30B2872D2B000AE1E26 /* Products */ = {
			isa = PBXGroup;
			children = (
				405FE30A2872D2B000AE1E26 /* TodoList.app */,
			);
			name = Products;
			sourceTree = "<group>";
		};
		405FE30C2872D2B000AE1E26 /* TodoList */ = {
			isa = PBXGroup;
			children = (
				405FE34B2874301600AE1E26 /* Utils */,
				405FE31B2872D85900AE1E26 /* Model */,
				405FE31D2872D86F00AE1E26 /* View */,
				405FE31E2872D87800AE1E26 /* ViewModel */,
				405FE30D2872D2B000AE1E26 /* TodoListApp.swift */,
				405FE30F2872D2B000AE1E26 /* ContentView.swift */,
				405FE3112872D2B400AE1E26 /* Assets.xcassets */,
				405FE3132872D2B400AE1E26 /* Preview Content */,
			);
			path = TodoList;
			sourceTree = "<group>";
		};
		405FE3132872D2B400AE1E26 /* Preview Content */ = {
			isa = PBXGroup;
			children = (
				405FE3142872D2B400AE1E26 /* Preview Assets.xcassets */,
			);
			path = "Preview Content";
			sourceTree = "<group>";
		};
		405FE31B2872D85900AE1E26 /* Model */ = {
			isa = PBXGroup;
			children = (
				405FE34E287431C900AE1E26 /* AppUser.swift */,
				405FE350287433FF00AE1E26 /* TODO.swift */,
				405FE3522874356600AE1E26 /* SelectedButton.swift */,
				405FE357287437D300AE1E26 /* MockData.swift */,
			);
			path = Model;
			sourceTree = "<group>";
		};
		405FE31D2872D86F00AE1E26 /* View */ = {
			isa = PBXGroup;
			children = (
				405FE3212872DC5100AE1E26 /* Utils */,
				405FE3222872DC6500AE1E26 /* Authentication */,
				405FE35B287457CD00AE1E26 /* DashboardView.swift */,
				405FE3652875B3F500AE1E26 /* TODOView.swift */,
				4075760F2876CA600007DAAF /* CreateTODOView.swift */,
			);
			path = View;
			sourceTree = "<group>";
		};
		405FE31E2872D87800AE1E26 /* ViewModel */ = {
			isa = PBXGroup;
			children = (
				405FE3592874485800AE1E26 /* AuthViewModel.swift */,
				405FE35D2875773E00AE1E26 /* TODOViewModel.swift */,
			);
			path = ViewModel;
			sourceTree = "<group>";
		};
		405FE3212872DC5100AE1E26 /* Utils */ = {
			isa = PBXGroup;
			children = (
				405FE32C2872FA1300AE1E26 /* TextFields */,
				405FE3262872DDAE00AE1E26 /* BackgroundGradientView.swift */,
				405FE3282872E47D00AE1E26 /* LogoView.swift */,
				405FE33328730D0800AE1E26 /* AuthenticateButtonView.swift */,
				405FE35F287596A800AE1E26 /* SearchBarView.swift */,
				405FE3612875A5F400AE1E26 /* TODOButtonStack.swift */,
				405FE3632875AFEF00AE1E26 /* AddTODOLogo.swift */,
				4075760D2876C9340007DAAF /* BlackView.swift */,
				407576132876D2140007DAAF /* CustomTextEditor.swift */,
			);
			path = Utils;
			sourceTree = "<group>";
		};
		405FE3222872DC6500AE1E26 /* Authentication */ = {
			isa = PBXGroup;
			children = (
				405FE31F2872D96B00AE1E26 /* LoginView.swift */,
				405FE3232872DCB600AE1E26 /* SignupView.swift */,
			);
			path = Authentication;
			sourceTree = "<group>";
		};
		405FE32C2872FA1300AE1E26 /* TextFields */ = {
			isa = PBXGroup;
			children = (
				407576112876CCAB0007DAAF /* TODOTextField.swift */,
				405FE32A2872E7DA00AE1E26 /* CustomTextField.swift */,
				405FE32D2872FA2F00AE1E26 /* EmailTextField.swift */,
				405FE32F2872FD9900AE1E26 /* CustomSecureField.swift */,
				405FE3312873043B00AE1E26 /* PasswordSecureField.swift */,
				405FE33528741CCB00AE1E26 /* UserTextField.swift */,
			);
			path = TextFields;
			sourceTree = "<group>";
		};
		405FE34B2874301600AE1E26 /* Utils */ = {
			isa = PBXGroup;
			children = (
				405FE34C2874303300AE1E26 /* Constants.swift */,
			);
			path = Utils;
			sourceTree = "<group>";
		};
		405FE3542874377000AE1E26 /* Frameworks */ = {
			isa = PBXGroup;
			children = (
			);
			name = Frameworks;
			sourceTree = "<group>";
		};
/* End PBXGroup section */

/* Begin PBXNativeTarget section */
		405FE3092872D2AF00AE1E26 /* TodoList */ = {
			isa = PBXNativeTarget;
			buildConfigurationList = 405FE3182872D2B400AE1E26 /* Build configuration list for PBXNativeTarget "TodoList" */;
			buildPhases = (
				405FE3062872D2AF00AE1E26 /* Sources */,
				405FE3072872D2AF00AE1E26 /* Frameworks */,
				405FE3082872D2AF00AE1E26 /* Resources */,
			);
			buildRules = (
			);
			dependencies = (
			);
			name = TodoList;
			packageProductDependencies = (
				405FE33B28742ACE00AE1E26 /* FirebaseAnalytics */,
				405FE33D28742ACE00AE1E26 /* FirebaseAnalyticsOnDeviceConversion */,
				405FE33F28742ACE00AE1E26 /* FirebaseAuth */,
				405FE34128742ACE00AE1E26 /* FirebaseCrashlytics */,
				405FE34328742ACE00AE1E26 /* FirebaseDatabase */,
				405FE34528742ACE00AE1E26 /* FirebaseFirestore */,
				405FE34728742ACE00AE1E26 /* FirebaseFunctions */,
				405FE34928742ACE00AE1E26 /* FirebaseStorage */,
				405FE3552874377000AE1E26 /* FirebaseFirestoreSwift */,
			);
			productName = TodoList;
			productReference = 405FE30A2872D2B000AE1E26 /* TodoList.app */;
			productType = "com.apple.product-type.application";
		};
/* End PBXNativeTarget section */

/* Begin PBXProject section */
		405FE3022872D2AF00AE1E26 /* Project object */ = {
			isa = PBXProject;
			attributes = {
				BuildIndependentTargetsInParallel = 1;
				LastSwiftUpdateCheck = 1340;
				LastUpgradeCheck = 1340;
				TargetAttributes = {
					405FE3092872D2AF00AE1E26 = {
						CreatedOnToolsVersion = 13.4.1;
					};
				};
			};
			buildConfigurationList = 405FE3052872D2AF00AE1E26 /* Build configuration list for PBXProject "TodoList" */;
			compatibilityVersion = "Xcode 13.0";
			developmentRegion = en;
			hasScannedForEncodings = 0;
			knownRegions = (
				en,
				Base,
			);
			mainGroup = 405FE3012872D2AF00AE1E26;
			packageReferences = (
				405FE33928742A4100AE1E26 /* XCRemoteSwiftPackageReference "firebase-ios-sdk" */,
				405FE33A28742ACE00AE1E26 /* XCRemoteSwiftPackageReference "firebase-ios-sdk" */,
			);
			productRefGroup = 405FE30B2872D2B000AE1E26 /* Products */;
			projectDirPath = "";
			projectRoot = "";
			targets = (
				405FE3092872D2AF00AE1E26 /* TodoList */,
			);
		};
/* End PBXProject section */

/* Begin PBXResourcesBuildPhase section */
		405FE3082872D2AF00AE1E26 /* Resources */ = {
			isa = PBXResourcesBuildPhase;
			buildActionMask = 2147483647;
			files = (
				405FE3152872D2B400AE1E26 /* Preview Assets.xcassets in Resources */,
				405FE3382874286700AE1E26 /* GoogleService-Info.plist in Resources */,
				405FE3122872D2B400AE1E26 /* Assets.xcassets in Resources */,
			);
			runOnlyForDeploymentPostprocessing = 0;
		};
/* End PBXResourcesBuildPhase section */

/* Begin PBXSourcesBuildPhase section */
		405FE3062872D2AF00AE1E26 /* Sources */ = {
			isa = PBXSourcesBuildPhase;
			buildActionMask = 2147483647;
			files = (
				405FE34F287431C900AE1E26 /* AppUser.swift in Sources */,
				405FE32B2872E7DA00AE1E26 /* CustomTextField.swift in Sources */,
				407576102876CA600007DAAF /* CreateTODOView.swift in Sources */,
				405FE3662875B3F500AE1E26 /* TODOView.swift in Sources */,
				405FE3302872FD9900AE1E26 /* CustomSecureField.swift in Sources */,
				4075760E2876C9340007DAAF /* BlackView.swift in Sources */,
				405FE358287437D300AE1E26 /* MockData.swift in Sources */,
				405FE33628741CCB00AE1E26 /* UserTextField.swift in Sources */,
				405FE3532874356600AE1E26 /* SelectedButton.swift in Sources */,
				405FE3272872DDAE00AE1E26 /* BackgroundGradientView.swift in Sources */,
				405FE351287433FF00AE1E26 /* TODO.swift in Sources */,
				407576122876CCAB0007DAAF /* TODOTextField.swift in Sources */,
				405FE35C287457CD00AE1E26 /* DashboardView.swift in Sources */,
				405FE35A2874485800AE1E26 /* AuthViewModel.swift in Sources */,
				405FE3622875A5F400AE1E26 /* TODOButtonStack.swift in Sources */,
				405FE360287596A800AE1E26 /* SearchBarView.swift in Sources */,
				407576142876D2140007DAAF /* CustomTextEditor.swift in Sources */,
				405FE3292872E47D00AE1E26 /* LogoView.swift in Sources */,
				405FE3322873043B00AE1E26 /* PasswordSecureField.swift in Sources */,
				405FE3242872DCB600AE1E26 /* SignupView.swift in Sources */,
				405FE34D2874303300AE1E26 /* Constants.swift in Sources */,
				405FE33428730D0800AE1E26 /* AuthenticateButtonView.swift in Sources */,
				405FE3202872D96B00AE1E26 /* LoginView.swift in Sources */,
				405FE35E2875773E00AE1E26 /* TODOViewModel.swift in Sources */,
				405FE3102872D2B000AE1E26 /* ContentView.swift in Sources */,
				405FE30E2872D2B000AE1E26 /* TodoListApp.swift in Sources */,
				405FE32E2872FA2F00AE1E26 /* EmailTextField.swift in Sources */,
				405FE3642875AFEF00AE1E26 /* AddTODOLogo.swift in Sources */,
			);
			runOnlyForDeploymentPostprocessing = 0;
		};
/* End PBXSourcesBuildPhase section */

/* Begin XCBuildConfiguration section */
		405FE3162872D2B400AE1E26 /* Debug */ = {
			isa = XCBuildConfiguration;
			buildSettings = {
				ALWAYS_SEARCH_USER_PATHS = NO;
				CLANG_ANALYZER_NONNULL = YES;
				CLANG_ANALYZER_NUMBER_OBJECT_CONVERSION = YES_AGGRESSIVE;
				CLANG_CXX_LANGUAGE_STANDARD = "gnu++17";
				CLANG_ENABLE_MODULES = YES;
				CLANG_ENABLE_OBJC_ARC = YES;
				CLANG_ENABLE_OBJC_WEAK = YES;
				CLANG_WARN_BLOCK_CAPTURE_AUTORELEASING = YES;
				CLANG_WARN_BOOL_CONVERSION = YES;
				CLANG_WARN_COMMA = YES;
				CLANG_WARN_CONSTANT_CONVERSION = YES;
				CLANG_WARN_DEPRECATED_OBJC_IMPLEMENTATIONS = YES;
				CLANG_WARN_DIRECT_OBJC_ISA_USAGE = YES_ERROR;
				CLANG_WARN_DOCUMENTATION_COMMENTS = YES;
				CLANG_WARN_EMPTY_BODY = YES;
				CLANG_WARN_ENUM_CONVERSION = YES;
				CLANG_WARN_INFINITE_RECURSION = YES;
				CLANG_WARN_INT_CONVERSION = YES;
				CLANG_WARN_NON_LITERAL_NULL_CONVERSION = YES;
				CLANG_WARN_OBJC_IMPLICIT_RETAIN_SELF = YES;
				CLANG_WARN_OBJC_LITERAL_CONVERSION = YES;
				CLANG_WARN_OBJC_ROOT_CLASS = YES_ERROR;
				CLANG_WARN_QUOTED_INCLUDE_IN_FRAMEWORK_HEADER = YES;
				CLANG_WARN_RANGE_LOOP_ANALYSIS = YES;
				CLANG_WARN_STRICT_PROTOTYPES = YES;
				CLANG_WARN_SUSPICIOUS_MOVE = YES;
				CLANG_WARN_UNGUARDED_AVAILABILITY = YES_AGGRESSIVE;
				CLANG_WARN_UNREACHABLE_CODE = YES;
				CLANG_WARN__DUPLICATE_METHOD_MATCH = YES;
				COPY_PHASE_STRIP = NO;
				DEBUG_INFORMATION_FORMAT = dwarf;
				ENABLE_STRICT_OBJC_MSGSEND = YES;
				ENABLE_TESTABILITY = YES;
				GCC_C_LANGUAGE_STANDARD = gnu11;
				GCC_DYNAMIC_NO_PIC = NO;
				GCC_NO_COMMON_BLOCKS = YES;
				GCC_OPTIMIZATION_LEVEL = 0;
				GCC_PREPROCESSOR_DEFINITIONS = (
					"DEBUG=1",
					"$(inherited)",
				);
				GCC_WARN_64_TO_32_BIT_CONVERSION = YES;
				GCC_WARN_ABOUT_RETURN_TYPE = YES_ERROR;
				GCC_WARN_UNDECLARED_SELECTOR = YES;
				GCC_WARN_UNINITIALIZED_AUTOS = YES_AGGRESSIVE;
				GCC_WARN_UNUSED_FUNCTION = YES;
				GCC_WARN_UNUSED_VARIABLE = YES;
				IPHONEOS_DEPLOYMENT_TARGET = 15.5;
				MTL_ENABLE_DEBUG_INFO = INCLUDE_SOURCE;
				MTL_FAST_MATH = YES;
				ONLY_ACTIVE_ARCH = YES;
				SDKROOT = iphoneos;
				SWIFT_ACTIVE_COMPILATION_CONDITIONS = DEBUG;
				SWIFT_OPTIMIZATION_LEVEL = "-Onone";
			};
			name = Debug;
		};
		405FE3172872D2B400AE1E26 /* Release */ = {
			isa = XCBuildConfiguration;
			buildSettings = {
				ALWAYS_SEARCH_USER_PATHS = NO;
				CLANG_ANALYZER_NONNULL = YES;
				CLANG_ANALYZER_NUMBER_OBJECT_CONVERSION = YES_AGGRESSIVE;
				CLANG_CXX_LANGUAGE_STANDARD = "gnu++17";
				CLANG_ENABLE_MODULES = YES;
				CLANG_ENABLE_OBJC_ARC = YES;
				CLANG_ENABLE_OBJC_WEAK = YES;
				CLANG_WARN_BLOCK_CAPTURE_AUTORELEASING = YES;
				CLANG_WARN_BOOL_CONVERSION = YES;
				CLANG_WARN_COMMA = YES;
				CLANG_WARN_CONSTANT_CONVERSION = YES;
				CLANG_WARN_DEPRECATED_OBJC_IMPLEMENTATIONS = YES;
				CLANG_WARN_DIRECT_OBJC_ISA_USAGE = YES_ERROR;
				CLANG_WARN_DOCUMENTATION_COMMENTS = YES;
				CLANG_WARN_EMPTY_BODY = YES;
				CLANG_WARN_ENUM_CONVERSION = YES;
				CLANG_WARN_INFINITE_RECURSION = YES;
				CLANG_WARN_INT_CONVERSION = YES;
				CLANG_WARN_NON_LITERAL_NULL_CONVERSION = YES;
				CLANG_WARN_OBJC_IMPLICIT_RETAIN_SELF = YES;
				CLANG_WARN_OBJC_LITERAL_CONVERSION = YES;
				CLANG_WARN_OBJC_ROOT_CLASS = YES_ERROR;
				CLANG_WARN_QUOTED_INCLUDE_IN_FRAMEWORK_HEADER = YES;
				CLANG_WARN_RANGE_LOOP_ANALYSIS = YES;
				CLANG_WARN_STRICT_PROTOTYPES = YES;
				CLANG_WARN_SUSPICIOUS_MOVE = YES;
				CLANG_WARN_UNGUARDED_AVAILABILITY = YES_AGGRESSIVE;
				CLANG_WARN_UNREACHABLE_CODE = YES;
				CLANG_WARN__DUPLICATE_METHOD_MATCH = YES;
				COPY_PHASE_STRIP = NO;
				DEBUG_INFORMATION_FORMAT = "dwarf-with-dsym";
				ENABLE_NS_ASSERTIONS = NO;
				ENABLE_STRICT_OBJC_MSGSEND = YES;
				GCC_C_LANGUAGE_STANDARD = gnu11;
				GCC_NO_COMMON_BLOCKS = YES;
				GCC_WARN_64_TO_32_BIT_CONVERSION = YES;
				GCC_WARN_ABOUT_RETURN_TYPE = YES_ERROR;
				GCC_WARN_UNDECLARED_SELECTOR = YES;
				GCC_WARN_UNINITIALIZED_AUTOS = YES_AGGRESSIVE;
				GCC_WARN_UNUSED_FUNCTION = YES;
				GCC_WARN_UNUSED_VARIABLE = YES;
				IPHONEOS_DEPLOYMENT_TARGET = 15.5;
				MTL_ENABLE_DEBUG_INFO = NO;
				MTL_FAST_MATH = YES;
				SDKROOT = iphoneos;
				SWIFT_COMPILATION_MODE = wholemodule;
				SWIFT_OPTIMIZATION_LEVEL = "-O";
				VALIDATE_PRODUCT = YES;
			};
			name = Release;
		};
		405FE3192872D2B400AE1E26 /* Debug */ = {
			isa = XCBuildConfiguration;
			buildSettings = {
				ASSETCATALOG_COMPILER_APPICON_NAME = AppIcon;
				ASSETCATALOG_COMPILER_GLOBAL_ACCENT_COLOR_NAME = AccentColor;
				CODE_SIGN_STYLE = Automatic;
				CURRENT_PROJECT_VERSION = 1;
				DEVELOPMENT_ASSET_PATHS = "\"TodoList/Preview Content\"";
				DEVELOPMENT_TEAM = AW23H396XM;
				ENABLE_PREVIEWS = YES;
				GENERATE_INFOPLIST_FILE = YES;
				INFOPLIST_KEY_UIApplicationSceneManifest_Generation = YES;
				INFOPLIST_KEY_UIApplicationSupportsIndirectInputEvents = YES;
				INFOPLIST_KEY_UILaunchScreen_Generation = YES;
				INFOPLIST_KEY_UISupportedInterfaceOrientations = UIInterfaceOrientationPortrait;
				INFOPLIST_KEY_UISupportedInterfaceOrientations_iPad = "UIInterfaceOrientationPortrait UIInterfaceOrientationPortraitUpsideDown UIInterfaceOrientationLandscapeLeft UIInterfaceOrientationLandscapeRight";
				INFOPLIST_KEY_UISupportedInterfaceOrientations_iPhone = "UIInterfaceOrientationPortrait UIInterfaceOrientationLandscapeLeft UIInterfaceOrientationLandscapeRight";
				LD_RUNPATH_SEARCH_PATHS = (
					"$(inherited)",
					"@executable_path/Frameworks",
				);
				MARKETING_VERSION = 1.0;
				PRODUCT_BUNDLE_IDENTIFIER = Hjortshoj.TodoList;
				PRODUCT_NAME = "$(TARGET_NAME)";
				SWIFT_EMIT_LOC_STRINGS = YES;
				SWIFT_VERSION = 5.0;
				TARGETED_DEVICE_FAMILY = 1;
			};
			name = Debug;
		};
		405FE31A2872D2B400AE1E26 /* Release */ = {
			isa = XCBuildConfiguration;
			buildSettings = {
				ASSETCATALOG_COMPILER_APPICON_NAME = AppIcon;
				ASSETCATALOG_COMPILER_GLOBAL_ACCENT_COLOR_NAME = AccentColor;
				CODE_SIGN_STYLE = Automatic;
				CURRENT_PROJECT_VERSION = 1;
				DEVELOPMENT_ASSET_PATHS = "\"TodoList/Preview Content\"";
				DEVELOPMENT_TEAM = AW23H396XM;
				ENABLE_PREVIEWS = YES;
				GENERATE_INFOPLIST_FILE = YES;
				INFOPLIST_KEY_UIApplicationSceneManifest_Generation = YES;
				INFOPLIST_KEY_UIApplicationSupportsIndirectInputEvents = YES;
				INFOPLIST_KEY_UILaunchScreen_Generation = YES;
				INFOPLIST_KEY_UISupportedInterfaceOrientations = UIInterfaceOrientationPortrait;
				INFOPLIST_KEY_UISupportedInterfaceOrientations_iPad = "UIInterfaceOrientationPortrait UIInterfaceOrientationPortraitUpsideDown UIInterfaceOrientationLandscapeLeft UIInterfaceOrientationLandscapeRight";
				INFOPLIST_KEY_UISupportedInterfaceOrientations_iPhone = "UIInterfaceOrientationPortrait UIInterfaceOrientationLandscapeLeft UIInterfaceOrientationLandscapeRight";
				LD_RUNPATH_SEARCH_PATHS = (
					"$(inherited)",
					"@executable_path/Frameworks",
				);
				MARKETING_VERSION = 1.0;
				PRODUCT_BUNDLE_IDENTIFIER = Hjortshoj.TodoList;
				PRODUCT_NAME = "$(TARGET_NAME)";
				SWIFT_EMIT_LOC_STRINGS = YES;
				SWIFT_VERSION = 5.0;
				TARGETED_DEVICE_FAMILY = 1;
			};
			name = Release;
		};
/* End XCBuildConfiguration section */

/* Begin XCConfigurationList section */
		405FE3052872D2AF00AE1E26 /* Build configuration list for PBXProject "TodoList" */ = {
			isa = XCConfigurationList;
			buildConfigurations = (
				405FE3162872D2B400AE1E26 /* Debug */,
				405FE3172872D2B400AE1E26 /* Release */,
			);
			defaultConfigurationIsVisible = 0;
			defaultConfigurationName = Release;
		};
		405FE3182872D2B400AE1E26 /* Build configuration list for PBXNativeTarget "TodoList" */ = {
			isa = XCConfigurationList;
			buildConfigurations = (
				405FE3192872D2B400AE1E26 /* Debug */,
				405FE31A2872D2B400AE1E26 /* Release */,
			);
			defaultConfigurationIsVisible = 0;
			defaultConfigurationName = Release;
		};
/* End XCConfigurationList section */

/* Begin XCRemoteSwiftPackageReference section */
		405FE33928742A4100AE1E26 /* XCRemoteSwiftPackageReference "firebase-ios-sdk" */ = {
			isa = XCRemoteSwiftPackageReference;
			repositoryURL = "https://github.com/firebase/firebase-ios-sdk";
			requirement = {
				kind = upToNextMajorVersion;
				minimumVersion = 9.0.0;
			};
		};
		405FE33A28742ACE00AE1E26 /* XCRemoteSwiftPackageReference "firebase-ios-sdk" */ = {
			isa = XCRemoteSwiftPackageReference;
			repositoryURL = "https://github.com/firebase/firebase-ios-sdk";
			requirement = {
				kind = upToNextMajorVersion;
				minimumVersion = 9.0.0;
			};
		};
/* End XCRemoteSwiftPackageReference section */

/* Begin XCSwiftPackageProductDependency section */
		405FE33B28742ACE00AE1E26 /* FirebaseAnalytics */ = {
			isa = XCSwiftPackageProductDependency;
			package = 405FE33928742A4100AE1E26 /* XCRemoteSwiftPackageReference "firebase-ios-sdk" */;
			productName = FirebaseAnalytics;
		};
		405FE33D28742ACE00AE1E26 /* FirebaseAnalyticsOnDeviceConversion */ = {
			isa = XCSwiftPackageProductDependency;
			package = 405FE33928742A4100AE1E26 /* XCRemoteSwiftPackageReference "firebase-ios-sdk" */;
			productName = FirebaseAnalyticsOnDeviceConversion;
		};
		405FE33F28742ACE00AE1E26 /* FirebaseAuth */ = {
			isa = XCSwiftPackageProductDependency;
			package = 405FE33928742A4100AE1E26 /* XCRemoteSwiftPackageReference "firebase-ios-sdk" */;
			productName = FirebaseAuth;
		};
		405FE34128742ACE00AE1E26 /* FirebaseCrashlytics */ = {
			isa = XCSwiftPackageProductDependency;
			package = 405FE33928742A4100AE1E26 /* XCRemoteSwiftPackageReference "firebase-ios-sdk" */;
			productName = FirebaseCrashlytics;
		};
		405FE34328742ACE00AE1E26 /* FirebaseDatabase */ = {
			isa = XCSwiftPackageProductDependency;
			package = 405FE33928742A4100AE1E26 /* XCRemoteSwiftPackageReference "firebase-ios-sdk" */;
			productName = FirebaseDatabase;
		};
		405FE34528742ACE00AE1E26 /* FirebaseFirestore */ = {
			isa = XCSwiftPackageProductDependency;
			package = 405FE33928742A4100AE1E26 /* XCRemoteSwiftPackageReference "firebase-ios-sdk" */;
			productName = FirebaseFirestore;
		};
		405FE34728742ACE00AE1E26 /* FirebaseFunctions */ = {
			isa = XCSwiftPackageProductDependency;
			package = 405FE33928742A4100AE1E26 /* XCRemoteSwiftPackageReference "firebase-ios-sdk" */;
			productName = FirebaseFunctions;
		};
		405FE34928742ACE00AE1E26 /* FirebaseStorage */ = {
			isa = XCSwiftPackageProductDependency;
			package = 405FE33928742A4100AE1E26 /* XCRemoteSwiftPackageReference "firebase-ios-sdk" */;
			productName = FirebaseStorage;
		};
		405FE3552874377000AE1E26 /* FirebaseFirestoreSwift */ = {
			isa = XCSwiftPackageProductDependency;
			package = 405FE33928742A4100AE1E26 /* XCRemoteSwiftPackageReference "firebase-ios-sdk" */;
			productName = FirebaseFirestoreSwift;
		};
/* End XCSwiftPackageProductDependency section */
	};
	rootObject = 405FE3022872D2AF00AE1E26 /* Project object */;
}
